Microsoft Visual Studio Solution File, Format Version 12.00
# Visual Studio Version 17
VisualStudioVersion = 17.5.2.0
MinimumVisualStudioVersion = 10.0.40219.1
Project("{FAE04EC0-301F-11D3-BF4B-00C04F79EFBC}") = "ApiConocimiento", "ApiConocimiento.csproj", "{743B5917-D6DB-89D1-618D-685E2609BB8C}"
EndProject
Global
	GlobalSection(SolutionConfigurationPlatforms) = preSolution
		Debug|Any CPU = Debug|Any CPU
		Release|Any CPU = Release|Any CPU
	EndGlobalSection
	GlobalSection(ProjectConfigurationPlatforms) = postSolution
		{743B5917-D6DB-89D1-618D-685E2609BB8C}.Debug|Any CPU.ActiveCfg = Debug|Any CPU
		{743B5917-D6DB-89D1-618D-685E2609BB8C}.Debug|Any CPU.Build.0 = Debug|Any CPU
		{743B5917-D6DB-89D1-618D-685E2609BB8C}.Release|Any CPU.ActiveCfg = Release|Any CPU
		{743B5917-D6DB-89D1-618D-685E2609BB8C}.Release|Any CPU.Build.0 = Release|Any CPU
	EndGlobalSection
	GlobalSection(SolutionProperties) = preSolution
		HideSolutionNode = FALSE
	EndGlobalSection
	GlobalSection(ExtensibilityGlobals) = postSolution
		SolutionGuid = {DE30C5C6-D1E9-48D1-A1FF-EB05F5B453CD}
	EndGlobalSection
EndGlobal
